
Microsoft Visual Studio Solution File, Format Version 12.00
# Visual Studio Version 16
VisualStudioVersion = 25.0.1706.1
MinimumVisualStudioVersion = 10.0.40219.1
Project("{FAE04EC0-301F-11D3-BF4B-00C04F79EFBC}") = "HumanResourcesCleanArchitecture.Domain", "HumanResourcesCleanArchitecture.Domain\HumanResourcesCleanArchitecture.Domain.csproj", "{E18E9F2E-B8C6-4AFB-A9F6-3CAB755B58E1}"
EndProject
Project("{FAE04EC0-301F-11D3-BF4B-00C04F79EFBC}") = "HumanResourcesCleanArchitecture.Application", "HumanResourcesCleanArchitecture.Application\HumanResourcesCleanArchitecture.Application.csproj", "{3D637A4C-DBD2-4D43-A079-522E2C6E11EC}"
EndProject
Global
	GlobalSection(SolutionConfigurationPlatforms) = preSolution
		Debug|Any CPU = Debug|Any CPU
		Release|Any CPU = Release|Any CPU
	EndGlobalSection
	GlobalSection(ProjectConfigurationPlatforms) = postSolution
		{E18E9F2E-B8C6-4AFB-A9F6-3CAB755B58E1}.Debug|Any CPU.ActiveCfg = Debug|Any CPU
		{E18E9F2E-B8C6-4AFB-A9F6-3CAB755B58E1}.Debug|Any CPU.Build.0 = Debug|Any CPU
		{E18E9F2E-B8C6-4AFB-A9F6-3CAB755B58E1}.Release|Any CPU.ActiveCfg = Release|Any CPU
		{E18E9F2E-B8C6-4AFB-A9F6-3CAB755B58E1}.Release|Any CPU.Build.0 = Release|Any CPU
		{3D637A4C-DBD2-4D43-A079-522E2C6E11EC}.Debug|Any CPU.ActiveCfg = Debug|Any CPU
		{3D637A4C-DBD2-4D43-A079-522E2C6E11EC}.Debug|Any CPU.Build.0 = Debug|Any CPU
		{3D637A4C-DBD2-4D43-A079-522E2C6E11EC}.Release|Any CPU.ActiveCfg = Release|Any CPU
		{3D637A4C-DBD2-4D43-A079-522E2C6E11EC}.Release|Any CPU.Build.0 = Release|Any CPU
	EndGlobalSection
	GlobalSection(SolutionProperties) = preSolution
		HideSolutionNode = FALSE
	EndGlobalSection
	GlobalSection(ExtensibilityGlobals) = postSolution
		SolutionGuid = {C3C4F43C-B979-4ADF-89C9-3E0CF39617AA}
	EndGlobalSection
EndGlobal
